{
  "version": 1,
  "dependencies": {
    "net8.0": {
      "Avalonia": {
        "type": "Direct",
        "requested": "[11.1.0-rc2, )",
        "resolved": "11.1.0-rc2",
        "contentHash": "RaAbEZygHszqvLdp/3TYXbHdMQ0XfnExxfaZ4QIxBC3taTuzxYGDnWft8lb1qnk/QYv2m8DPE15zU2ivsWXaKw==",
        "dependencies": {
          "Avalonia.BuildServices": "0.0.29",
          "Avalonia.Remote.Protocol": "11.1.0-rc2",
          "MicroCom.Runtime": "0.11.0"
        }
      },
      "Avalonia.Skia": {
        "type": "Direct",
        "requested": "[11.1.0-rc2, )",
        "resolved": "11.1.0-rc2",
        "contentHash": "AcI6rNUhOoPs+dWnHzyZRn95KH84+RHNMyv3HEEp3FpREzC9sWvnPKlt8w++PWFZpsvZAubsFjkhwZM33oP1zQ==",
        "dependencies": {
          "Avalonia": "11.1.0-rc2",
          "HarfBuzzSharp": "7.3.0.2",
          "HarfBuzzSharp.NativeAssets.Linux": "7.3.0.2",
          "HarfBuzzSharp.NativeAssets.WebAssembly": "7.3.0.2",
          "SkiaSharp": "2.88.8",
          "SkiaSharp.NativeAssets.Linux": "2.88.8",
          "SkiaSharp.NativeAssets.WebAssembly": "2.88.8"
        }
      },
      "FSharp.Core": {
        "type": "Direct",
        "requested": "[8.0.400-beta.24321.3, )",
        "resolved": "8.0.400-beta.24321.3",
        "contentHash": "iRTyTSKHMIHuq1RYsvEC3Q5/+wrq6J7zcANEpras0+26CR5/GMKSbmlQjF9z6wbS3miQI8/FPbvuygLYAAYeBg=="
      },
      "Silk.NET.OpenAL": {
        "type": "Direct",
        "requested": "[2.21.0, )",
        "resolved": "2.21.0",
        "contentHash": "zF18SdntuL/7rKiNO/2HaiiCS+x2hYVmfxIs2jN12Bm1XZvEGs6u6p+m+P8SwjxlBgX15NSaX5hMCo/59eZH8Q==",
        "dependencies": {
          "Silk.NET.Core": "2.21.0",
          "System.Buffers": "4.5.1",
          "System.Numerics.Vectors": "4.5.0"
        }
      },
      "Avalonia.BuildServices": {
        "type": "Transitive",
        "resolved": "0.0.29",
        "contentHash": "U4eJLQdoDNHXtEba7MZUCwrBErBTxFp6sUewXBOdAhU0Kwzwaa/EKFcYm8kpcysjzKtfB4S0S9n0uxKZFz/ikw=="
      },
      "Avalonia.Remote.Protocol": {
        "type": "Transitive",
        "resolved": "11.1.0-rc2",
        "contentHash": "1gvhYp09bnwHt1Rio3AF3zj7/o2pm1Qq6GLB3pAMrfSshBh8hXaXW0phkQ1gW05165AC/w2Xo4L1/gPT8a2hwQ=="
      },
      "HarfBuzzSharp": {
        "type": "Transitive",
        "resolved": "7.3.0.2",
        "contentHash": "0tCd6HyCmNsX/DniCp2b00fo0xPbdNwKOs9BxxyT8oOOuMlWjcSFwzONKyeckCKVBFEsbSmsAHPDTqxoSDwZMg==",
        "dependencies": {
          "HarfBuzzSharp.NativeAssets.Win32": "7.3.0.2",
          "HarfBuzzSharp.NativeAssets.macOS": "7.3.0.2"
        }
      },
      "HarfBuzzSharp.NativeAssets.Linux": {
        "type": "Transitive",
        "resolved": "7.3.0.2",
        "contentHash": "aKa5J1RqjXKAtdcZJp5wjC78klfBIzJHM6CneN76lFmQ9LLRJA9Oa0TkIDaV8lVLDKMAy5fCKHXFlXUK1YfL/g==",
        "dependencies": {
          "HarfBuzzSharp": "7.3.0.2"
        }
      },
      "HarfBuzzSharp.NativeAssets.macOS": {
        "type": "Transitive",
        "resolved": "7.3.0.2",
        "contentHash": "nycYH/WLJ6ogm+I+QSFCdPJsdxSb5GANWYbQyp1vsd/KjXN56RVUJWPhbgP2GKb/Y7mrsHM7EProqVXlO/EMsA=="
      },
      "HarfBuzzSharp.NativeAssets.WebAssembly": {
        "type": "Transitive",
        "resolved": "7.3.0.2",
        "contentHash": "pR6H16NOAjIhfXomYsgN5anGbOHSfIA8z0RoWEVx8vgLySxz9Jie4DnQ/paWTh5MTtBC8XKkTUI7uKMXcq/Pxw=="
      },
      "HarfBuzzSharp.NativeAssets.Win32": {
        "type": "Transitive",
        "resolved": "7.3.0.2",
        "contentHash": "DpF9JBzwws2dupOLnjME65hxQWWbN/GD40AoTkwB4S05WANvxo3n81AnQJKxWDCnrWfWhLPB36OF27TvEqzb/A=="
      },
      "MicroCom.Runtime": {
        "type": "Transitive",
        "resolved": "0.11.0",
        "contentHash": "MEnrZ3UIiH40hjzMDsxrTyi8dtqB5ziv3iBeeU4bXsL/7NLSal9F1lZKpK+tfBRnUoDSdtcW3KufE4yhATOMCA=="
      },
      "Microsoft.CSharp": {
        "type": "Transitive",
        "resolved": "4.7.0",
        "contentHash": "pTj+D3uJWyN3My70i2Hqo+OXixq3Os2D1nJ2x92FFo6sk8fYS1m1WLNTs0Dc1uPaViH0YvEEwvzddQ7y4rhXmA=="
      },
      "Microsoft.DotNet.PlatformAbstractions": {
        "type": "Transitive",
        "resolved": "3.1.6",
        "contentHash": "jek4XYaQ/PGUwDKKhwR8K47Uh1189PFzMeLqO83mXrXQVIpARZCcfuDedH50YDTepBkfijCZN5U/vZi++erxtg=="
      },
      "Microsoft.Extensions.DependencyModel": {
        "type": "Transitive",
        "resolved": "8.0.0",
        "contentHash": "NSmDw3K0ozNDgShSIpsZcbFIzBX4w28nDag+TfaQujkXGazBm+lid5onlWoCBy4VsLxqnnKjEBbGSJVWJMf43g==",
        "dependencies": {
          "System.Text.Encodings.Web": "8.0.0",
          "System.Text.Json": "8.0.0"
        }
      },
      "Silk.NET.Core": {
        "type": "Transitive",
        "resolved": "2.21.0",
        "contentHash": "U8gATeEGvSIc1ogSdG/LKr6SLgOjkis7Oo/QzCq+aOoGjw4tHYRVpm02V+pHp/qlQhziBbdQ/Vl5d58cmFY+PA==",
        "dependencies": {
          "Microsoft.CSharp": "4.7.0",
          "Microsoft.DotNet.PlatformAbstractions": "3.1.6",
          "Microsoft.Extensions.DependencyModel": "8.0.0",
          "System.Memory": "4.5.5",
          "System.Numerics.Vectors": "4.5.0",
          "System.Runtime.CompilerServices.Unsafe": "6.0.0"
        }
      },
      "SkiaSharp": {
        "type": "Transitive",
        "resolved": "2.88.8",
        "contentHash": "bRkp3uKp5ZI8gXYQT57uKwil1uobb2p8c69n7v5evlB/2JNcMAXVcw9DZAP5Ig3WSvgzGm2YSn27UVeOi05NlA==",
        "dependencies": {
          "SkiaSharp.NativeAssets.Win32": "2.88.8",
          "SkiaSharp.NativeAssets.macOS": "2.88.8"
        }
      },
      "SkiaSharp.NativeAssets.Linux": {
        "type": "Transitive",
        "resolved": "2.88.8",
        "contentHash": "0FO6YA7paNFBMJULvEyecPmCvL9/STvOAi5VOUw2srqJ7pNTbiiZkfl7sulAzcumbWgfzaVjRXYTgMj7SoUnWQ==",
        "dependencies": {
          "SkiaSharp": "2.88.8"
        }
      },
      "SkiaSharp.NativeAssets.macOS": {
        "type": "Transitive",
        "resolved": "2.88.8",
        "contentHash": "6Kn5TSkKlfyS6azWHF3Jk2sW5C4jCE5uSshM/5AbfFrR+5n6qM5XEnz9h4VaVl7LTxBvHvMkuPb/3bpbq0vxTw=="
      },
      "SkiaSharp.NativeAssets.WebAssembly": {
        "type": "Transitive",
        "resolved": "2.88.8",
        "contentHash": "S3qRo8c+gVYOyfrdf6FYnjx/ft+gPkb4dNY2IPv5Oy5yNBhDhXhKqHFr9h4+ne6ZU+7D4dbuRQqsIqCo8u1/DA=="
      },
      "SkiaSharp.NativeAssets.Win32": {
        "type": "Transitive",
        "resolved": "2.88.8",
        "contentHash": "O9QXoWEXA+6cweR4h3BOnwMz+pO9vL9mXdjLrpDd0w1QzCgWmLQBxa1VgySDITiH7nQndrDG1h6937zm9pLj1Q=="
      },
      "System.Buffers": {
        "type": "Transitive",
        "resolved": "4.5.1",
        "contentHash": "Rw7ijyl1qqRS0YQD/WycNst8hUUMgrMH4FCn1nNm27M4VxchZ1js3fVjQaANHO5f3sN4isvP4a+Met9Y4YomAg=="
      },
      "System.Memory": {
        "type": "Transitive",
        "resolved": "4.5.5",
        "contentHash": "XIWiDvKPXaTveaB7HVganDlOCRoj03l+jrwNvcge/t8vhGYKvqV+dMv6G4SAX2NoNmN0wZfVPTAlFwZcZvVOUw=="
      },
      "System.Numerics.Vectors": {
        "type": "Transitive",
        "resolved": "4.5.0",
        "contentHash": "QQTlPTl06J/iiDbJCiepZ4H//BVraReU4O4EoRw1U02H5TLUIT7xn3GnDp9AXPSlJUDyFs4uWjWafNX6WrAojQ=="
      },
      "System.Runtime.CompilerServices.Unsafe": {
        "type": "Transitive",
        "resolved": "6.0.0",
        "contentHash": "/iUeP3tq1S0XdNNoMz5C9twLSrM/TH+qElHkXWaPvuNOt+99G75NrV0OS2EqHx5wMN7popYjpc8oTjC1y16DLg=="
      },
      "System.Text.Encodings.Web": {
        "type": "Transitive",
        "resolved": "8.0.0",
        "contentHash": "yev/k9GHAEGx2Rg3/tU6MQh4HGBXJs70y7j1LaM1i/ER9po+6nnQ6RRqTJn1E7Xu0fbIFK80Nh5EoODxrbxwBQ=="
      },
      "System.Text.Json": {
        "type": "Transitive",
        "resolved": "8.0.0",
        "contentHash": "OdrZO2WjkiEG6ajEFRABTRCi/wuXQPxeV6g8xvUJqdxMvvuCCEk86zPla8UiIQJz3durtUEbNyY/3lIhS0yZvQ==",
        "dependencies": {
          "System.Text.Encodings.Web": "8.0.0"
        }
      },
      "lib.shadermixer.openglext": {
        "type": "Project",
        "dependencies": {
          "Avalonia": "[11.1.0-rc2, )"
        }
      }
    }
  }
}