
Microsoft Visual Studio Solution File, Format Version 12.00
# Visual Studio Version 17
VisualStudioVersion = 17.11.35005.142
MinimumVisualStudioVersion = 10.0.40219.1
Project("{6EC3EE1D-3C4E-46DD-8F32-0CC8E7565705}") = "ShaderMixer", "ShaderMixer\ShaderMixer.fsproj", "{C83C10A6-D7E5-44C7-AA6B-47B1DD2C2C16}"
EndProject
Project("{9A19103F-16F7-4668-BE54-9A1E7A4F7556}") = "Lib.ShaderMixer.OpenGLExt", "Lib.ShaderMixer.OpenGLExt\Lib.ShaderMixer.OpenGLExt.csproj", "{D17585F6-C742-43C9-B0FD-FC7D04B42D2A}"
EndProject
Project("{6EC3EE1D-3C4E-46DD-8F32-0CC8E7565705}") = "Lib.ShaderMixer", "Lib.ShaderMixer\Lib.ShaderMixer.fsproj", "{19F86405-4CDE-4EC4-8CBA-0C229A925DDD}"
EndProject
Global
	GlobalSection(SolutionConfigurationPlatforms) = preSolution
		Debug|Any CPU = Debug|Any CPU
		Release|Any CPU = Release|Any CPU
	EndGlobalSection
	GlobalSection(ProjectConfigurationPlatforms) = postSolution
		{C83C10A6-D7E5-44C7-AA6B-47B1DD2C2C16}.Debug|Any CPU.ActiveCfg = Debug|Any CPU
		{C83C10A6-D7E5-44C7-AA6B-47B1DD2C2C16}.Debug|Any CPU.Build.0 = Debug|Any CPU
		{C83C10A6-D7E5-44C7-AA6B-47B1DD2C2C16}.Release|Any CPU.ActiveCfg = Release|Any CPU
		{C83C10A6-D7E5-44C7-AA6B-47B1DD2C2C16}.Release|Any CPU.Build.0 = Release|Any CPU
		{D17585F6-C742-43C9-B0FD-FC7D04B42D2A}.Debug|Any CPU.ActiveCfg = Debug|Any CPU
		{D17585F6-C742-43C9-B0FD-FC7D04B42D2A}.Debug|Any CPU.Build.0 = Debug|Any CPU
		{D17585F6-C742-43C9-B0FD-FC7D04B42D2A}.Release|Any CPU.ActiveCfg = Release|Any CPU
		{D17585F6-C742-43C9-B0FD-FC7D04B42D2A}.Release|Any CPU.Build.0 = Release|Any CPU
		{19F86405-4CDE-4EC4-8CBA-0C229A925DDD}.Debug|Any CPU.ActiveCfg = Debug|Any CPU
		{19F86405-4CDE-4EC4-8CBA-0C229A925DDD}.Debug|Any CPU.Build.0 = Debug|Any CPU
		{19F86405-4CDE-4EC4-8CBA-0C229A925DDD}.Release|Any CPU.ActiveCfg = Release|Any CPU
		{19F86405-4CDE-4EC4-8CBA-0C229A925DDD}.Release|Any CPU.Build.0 = Release|Any CPU
	EndGlobalSection
	GlobalSection(SolutionProperties) = preSolution
		HideSolutionNode = FALSE
	EndGlobalSection
	GlobalSection(ExtensibilityGlobals) = postSolution
		SolutionGuid = {2928717F-8584-4AEA-B9AE-6BADF4D94F64}
	EndGlobalSection
EndGlobal
